
Microsoft Visual Studio Solution File, Format Version 12.00
# Visual Studio Version 17
VisualStudioVersion = 17.3.32819.101
MinimumVisualStudioVersion = 10.0.40219.1
Project("{FAE04EC0-301F-11D3-BF4B-00C04F79EFBC}") = "Api.Prueba", "Api.Prueba\Api.Prueba.csproj", "{777A94B5-CEF4-4336-B26E-4BF00B08FD56}"
EndProject
Project("{FAE04EC0-301F-11D3-BF4B-00C04F79EFBC}") = "Core.Prueba", "Core.Prueba\Core.Prueba.csproj", "{2B546B03-262C-409E-928D-D19A77F01616}"
EndProject
Project("{FAE04EC0-301F-11D3-BF4B-00C04F79EFBC}") = "Infraestructure.Prueba", "Infraestructure.Prueba\Infraestructure.Prueba.csproj", "{D72C3076-5080-4FB9-A9AC-C88D62A25DC2}"
EndProject
Global
	GlobalSection(SolutionConfigurationPlatforms) = preSolution
		Debug|Any CPU = Debug|Any CPU
		Release|Any CPU = Release|Any CPU
	EndGlobalSection
	GlobalSection(ProjectConfigurationPlatforms) = postSolution
		{777A94B5-CEF4-4336-B26E-4BF00B08FD56}.Debug|Any CPU.ActiveCfg = Debug|Any CPU
		{777A94B5-CEF4-4336-B26E-4BF00B08FD56}.Debug|Any CPU.Build.0 = Debug|Any CPU
		{777A94B5-CEF4-4336-B26E-4BF00B08FD56}.Release|Any CPU.ActiveCfg = Release|Any CPU
		{777A94B5-CEF4-4336-B26E-4BF00B08FD56}.Release|Any CPU.Build.0 = Release|Any CPU
		{2B546B03-262C-409E-928D-D19A77F01616}.Debug|Any CPU.ActiveCfg = Debug|Any CPU
		{2B546B03-262C-409E-928D-D19A77F01616}.Debug|Any CPU.Build.0 = Debug|Any CPU
		{2B546B03-262C-409E-928D-D19A77F01616}.Release|Any CPU.ActiveCfg = Release|Any CPU
		{2B546B03-262C-409E-928D-D19A77F01616}.Release|Any CPU.Build.0 = Release|Any CPU
		{D72C3076-5080-4FB9-A9AC-C88D62A25DC2}.Debug|Any CPU.ActiveCfg = Debug|Any CPU
		{D72C3076-5080-4FB9-A9AC-C88D62A25DC2}.Debug|Any CPU.Build.0 = Debug|Any CPU
		{D72C3076-5080-4FB9-A9AC-C88D62A25DC2}.Release|Any CPU.ActiveCfg = Release|Any CPU
		{D72C3076-5080-4FB9-A9AC-C88D62A25DC2}.Release|Any CPU.Build.0 = Release|Any CPU
	EndGlobalSection
	GlobalSection(SolutionProperties) = preSolution
		HideSolutionNode = FALSE
	EndGlobalSection
	GlobalSection(ExtensibilityGlobals) = postSolution
		SolutionGuid = {E62819BA-7EC2-4FD0-B0AF-931CFD28F437}
	EndGlobalSection
EndGlobal
